
Microsoft Visual Studio Solution File, Format Version 12.00
# Visual Studio Version 16
VisualStudioVersion = 16.0.32228.343
MinimumVisualStudioVersion = 10.0.40219.1
Project("{FAE04EC0-301F-11D3-BF4B-00C04F79EFBC}") = "Sess4", "Sess4\Sess4.csproj", "{2B8402BE-1B0B-43DC-BD5E-EC47E323EBF7}"
EndProject
Global
	GlobalSection(SolutionConfigurationPlatforms) = preSolution
		Debug|Any CPU = Debug|Any CPU
		Release|Any CPU = Release|Any CPU
	EndGlobalSection
	GlobalSection(ProjectConfigurationPlatforms) = postSolution
		{2B8402BE-1B0B-43DC-BD5E-EC47E323EBF7}.Debug|Any CPU.ActiveCfg = Debug|Any CPU
		{2B8402BE-1B0B-43DC-BD5E-EC47E323EBF7}.Debug|Any CPU.Build.0 = Debug|Any CPU
		{2B8402BE-1B0B-43DC-BD5E-EC47E323EBF7}.Release|Any CPU.ActiveCfg = Release|Any CPU
		{2B8402BE-1B0B-43DC-BD5E-EC47E323EBF7}.Release|Any CPU.Build.0 = Release|Any CPU
	EndGlobalSection
	GlobalSection(SolutionProperties) = preSolution
		HideSolutionNode = FALSE
	EndGlobalSection
	GlobalSection(ExtensibilityGlobals) = postSolution
		SolutionGuid = {462030E5-91F4-4549-8003-180544A64D40}
	EndGlobalSection
EndGlobal
