
Microsoft Visual Studio Solution File, Format Version 12.00
# Visual Studio Version 16
VisualStudioVersion = 16.0.32228.343
MinimumVisualStudioVersion = 10.0.40219.1
Project("{FAE04EC0-301F-11D3-BF4B-00C04F79EFBC}") = "Sess1", "Sess1\Sess1.csproj", "{1E48C6AB-0FBB-4940-A46F-C271B9E0A327}"
EndProject
Global
	GlobalSection(SolutionConfigurationPlatforms) = preSolution
		Debug|Any CPU = Debug|Any CPU
		Release|Any CPU = Release|Any CPU
	EndGlobalSection
	GlobalSection(ProjectConfigurationPlatforms) = postSolution
		{1E48C6AB-0FBB-4940-A46F-C271B9E0A327}.Debug|Any CPU.ActiveCfg = Debug|Any CPU
		{1E48C6AB-0FBB-4940-A46F-C271B9E0A327}.Debug|Any CPU.Build.0 = Debug|Any CPU
		{1E48C6AB-0FBB-4940-A46F-C271B9E0A327}.Release|Any CPU.ActiveCfg = Release|Any CPU
		{1E48C6AB-0FBB-4940-A46F-C271B9E0A327}.Release|Any CPU.Build.0 = Release|Any CPU
	EndGlobalSection
	GlobalSection(SolutionProperties) = preSolution
		HideSolutionNode = FALSE
	EndGlobalSection
	GlobalSection(ExtensibilityGlobals) = postSolution
		SolutionGuid = {67831176-04E6-46B4-B432-9943A0CB8A7D}
	EndGlobalSection
EndGlobal
