
Microsoft Visual Studio Solution File, Format Version 12.00
# Visual Studio Version 16
VisualStudioVersion = 16.0.32228.343
MinimumVisualStudioVersion = 10.0.40219.1
Project("{FAE04EC0-301F-11D3-BF4B-00C04F79EFBC}") = "Sess5", "Sess5\Sess5.csproj", "{80B3FBBC-C68D-42DE-98DE-FAD8A3ECEBC2}"
EndProject
Global
	GlobalSection(SolutionConfigurationPlatforms) = preSolution
		Debug|Any CPU = Debug|Any CPU
		Release|Any CPU = Release|Any CPU
	EndGlobalSection
	GlobalSection(ProjectConfigurationPlatforms) = postSolution
		{80B3FBBC-C68D-42DE-98DE-FAD8A3ECEBC2}.Debug|Any CPU.ActiveCfg = Debug|Any CPU
		{80B3FBBC-C68D-42DE-98DE-FAD8A3ECEBC2}.Debug|Any CPU.Build.0 = Debug|Any CPU
		{80B3FBBC-C68D-42DE-98DE-FAD8A3ECEBC2}.Release|Any CPU.ActiveCfg = Release|Any CPU
		{80B3FBBC-C68D-42DE-98DE-FAD8A3ECEBC2}.Release|Any CPU.Build.0 = Release|Any CPU
	EndGlobalSection
	GlobalSection(SolutionProperties) = preSolution
		HideSolutionNode = FALSE
	EndGlobalSection
	GlobalSection(ExtensibilityGlobals) = postSolution
		SolutionGuid = {0B8A5490-B3E2-4325-966D-0216643C6E37}
	EndGlobalSection
EndGlobal
